
Microsoft Visual Studio Solution File, Format Version 12.00
# Visual Studio Version 16
VisualStudioVersion = 16.0.29709.97
MinimumVisualStudioVersion = 10.0.40219.1
Project("{FAE04EC0-301F-11D3-BF4B-00C04F79EFBC}") = "P01.SpaceshipCrafting", "P01.SpaceshipCrafting\P01.SpaceshipCrafting.csproj", "{4DB3C9A0-481A-4B2C-BD70-774B36ACF0C4}"
EndProject
Project("{FAE04EC0-301F-11D3-BF4B-00C04F79EFBC}") = "P02. Space Station Recruitment", "P02. Space Station Recruitment\P02. Space Station Recruitment.csproj", "{1E307E4E-6874-465D-9292-E33BE440D965}"
EndProject
Project("{FAE04EC0-301F-11D3-BF4B-00C04F79EFBC}") = "P03. SpaceshipEstablishment", "P03. SpaceshipRecurcuitment\P03. SpaceshipEstablishment.csproj", "{8F30420C-26BD-4D43-A801-6BAE14DFF79F}"
EndProject
Global
	GlobalSection(SolutionConfigurationPlatforms) = preSolution
		Debug|Any CPU = Debug|Any CPU
		Release|Any CPU = Release|Any CPU
	EndGlobalSection
	GlobalSection(ProjectConfigurationPlatforms) = postSolution
		{4DB3C9A0-481A-4B2C-BD70-774B36ACF0C4}.Debug|Any CPU.ActiveCfg = Debug|Any CPU
		{4DB3C9A0-481A-4B2C-BD70-774B36ACF0C4}.Debug|Any CPU.Build.0 = Debug|Any CPU
		{4DB3C9A0-481A-4B2C-BD70-774B36ACF0C4}.Release|Any CPU.ActiveCfg = Release|Any CPU
		{4DB3C9A0-481A-4B2C-BD70-774B36ACF0C4}.Release|Any CPU.Build.0 = Release|Any CPU
		{1E307E4E-6874-465D-9292-E33BE440D965}.Debug|Any CPU.ActiveCfg = Debug|Any CPU
		{1E307E4E-6874-465D-9292-E33BE440D965}.Debug|Any CPU.Build.0 = Debug|Any CPU
		{1E307E4E-6874-465D-9292-E33BE440D965}.Release|Any CPU.ActiveCfg = Release|Any CPU
		{1E307E4E-6874-465D-9292-E33BE440D965}.Release|Any CPU.Build.0 = Release|Any CPU
		{8F30420C-26BD-4D43-A801-6BAE14DFF79F}.Debug|Any CPU.ActiveCfg = Debug|Any CPU
		{8F30420C-26BD-4D43-A801-6BAE14DFF79F}.Debug|Any CPU.Build.0 = Debug|Any CPU
		{8F30420C-26BD-4D43-A801-6BAE14DFF79F}.Release|Any CPU.ActiveCfg = Release|Any CPU
		{8F30420C-26BD-4D43-A801-6BAE14DFF79F}.Release|Any CPU.Build.0 = Release|Any CPU
	EndGlobalSection
	GlobalSection(SolutionProperties) = preSolution
		HideSolutionNode = FALSE
	EndGlobalSection
	GlobalSection(ExtensibilityGlobals) = postSolution
		SolutionGuid = {F5F59784-92DD-44D7-AEDC-A12D9A17B72B}
	EndGlobalSection
EndGlobal
