
Microsoft Visual Studio Solution File, Format Version 12.00
# Visual Studio Version 16
VisualStudioVersion = 16.0.29709.97
MinimumVisualStudioVersion = 10.0.40219.1
Project("{FAE04EC0-301F-11D3-BF4B-00C04F79EFBC}") = "Workshop", "Workshop\Workshop.csproj", "{67193194-DA0D-43DA-B7FD-39C24AC29450}"
EndProject
Global
	GlobalSection(SolutionConfigurationPlatforms) = preSolution
		Debug|Any CPU = Debug|Any CPU
		Release|Any CPU = Release|Any CPU
	EndGlobalSection
	GlobalSection(ProjectConfigurationPlatforms) = postSolution
		{67193194-DA0D-43DA-B7FD-39C24AC29450}.Debug|Any CPU.ActiveCfg = Debug|Any CPU
		{67193194-DA0D-43DA-B7FD-39C24AC29450}.Debug|Any CPU.Build.0 = Debug|Any CPU
		{67193194-DA0D-43DA-B7FD-39C24AC29450}.Release|Any CPU.ActiveCfg = Release|Any CPU
		{67193194-DA0D-43DA-B7FD-39C24AC29450}.Release|Any CPU.Build.0 = Release|Any CPU
	EndGlobalSection
	GlobalSection(SolutionProperties) = preSolution
		HideSolutionNode = FALSE
	EndGlobalSection
	GlobalSection(ExtensibilityGlobals) = postSolution
		SolutionGuid = {43E65D3F-5BAD-4D73-9EE8-6F75363D6BC8}
	EndGlobalSection
EndGlobal
