
Microsoft Visual Studio Solution File, Format Version 12.00
# Visual Studio Version 16
VisualStudioVersion = 16.0.29911.84
MinimumVisualStudioVersion = 10.0.40219.1
Project("{FAE04EC0-301F-11D3-BF4B-00C04F79EFBC}") = "EntityFrameworkCore", "EntityFrameworkCore\EntityFrameworkCore.csproj", "{2934DEB2-5FF1-4C63-BC57-FCDD41097498}"
EndProject
Project("{FAE04EC0-301F-11D3-BF4B-00C04F79EFBC}") = "CodeFirst", "CodeFirst\CodeFirst.csproj", "{032DA14B-2117-4DCD-8070-FB0E77385C1E}"
EndProject
Global
	GlobalSection(SolutionConfigurationPlatforms) = preSolution
		Debug|Any CPU = Debug|Any CPU
		Release|Any CPU = Release|Any CPU
	EndGlobalSection
	GlobalSection(ProjectConfigurationPlatforms) = postSolution
		{2934DEB2-5FF1-4C63-BC57-FCDD41097498}.Debug|Any CPU.ActiveCfg = Debug|Any CPU
		{2934DEB2-5FF1-4C63-BC57-FCDD41097498}.Debug|Any CPU.Build.0 = Debug|Any CPU
		{2934DEB2-5FF1-4C63-BC57-FCDD41097498}.Release|Any CPU.ActiveCfg = Release|Any CPU
		{2934DEB2-5FF1-4C63-BC57-FCDD41097498}.Release|Any CPU.Build.0 = Release|Any CPU
		{032DA14B-2117-4DCD-8070-FB0E77385C1E}.Debug|Any CPU.ActiveCfg = Debug|Any CPU
		{032DA14B-2117-4DCD-8070-FB0E77385C1E}.Debug|Any CPU.Build.0 = Debug|Any CPU
		{032DA14B-2117-4DCD-8070-FB0E77385C1E}.Release|Any CPU.ActiveCfg = Release|Any CPU
		{032DA14B-2117-4DCD-8070-FB0E77385C1E}.Release|Any CPU.Build.0 = Release|Any CPU
	EndGlobalSection
	GlobalSection(SolutionProperties) = preSolution
		HideSolutionNode = FALSE
	EndGlobalSection
	GlobalSection(ExtensibilityGlobals) = postSolution
		SolutionGuid = {B120F8EE-EF45-4145-B1A1-F2AD81B46EC3}
	EndGlobalSection
EndGlobal
