
Microsoft Visual Studio Solution File, Format Version 12.00
# Visual Studio Version 16
VisualStudioVersion = 16.0.29709.97
MinimumVisualStudioVersion = 10.0.40219.1
Project("{FAE04EC0-301F-11D3-BF4B-00C04F79EFBC}") = "P01. TrojanInvasion", "P01. TrojanInvasion\P01. TrojanInvasion.csproj", "{43D9C6F4-43BE-49EC-BBA9-0EDD48B30E90}"
EndProject
Project("{FAE04EC0-301F-11D3-BF4B-00C04F79EFBC}") = "P02. HelensAbduction", "P02. HelensAbduction\P02. HelensAbduction.csproj", "{98FE506F-75B5-489C-9E0F-CFD0083C2136}"
EndProject
Project("{9A19103F-16F7-4668-BE54-9A1E7A4F7556}") = "FightingArena", "FightingArena\FightingArena\FightingArena.csproj", "{68D1776A-FDDC-4044-AA1D-7A9AE9692601}"
EndProject
Global
	GlobalSection(SolutionConfigurationPlatforms) = preSolution
		Debug|Any CPU = Debug|Any CPU
		Release|Any CPU = Release|Any CPU
	EndGlobalSection
	GlobalSection(ProjectConfigurationPlatforms) = postSolution
		{43D9C6F4-43BE-49EC-BBA9-0EDD48B30E90}.Debug|Any CPU.ActiveCfg = Debug|Any CPU
		{43D9C6F4-43BE-49EC-BBA9-0EDD48B30E90}.Debug|Any CPU.Build.0 = Debug|Any CPU
		{43D9C6F4-43BE-49EC-BBA9-0EDD48B30E90}.Release|Any CPU.ActiveCfg = Release|Any CPU
		{43D9C6F4-43BE-49EC-BBA9-0EDD48B30E90}.Release|Any CPU.Build.0 = Release|Any CPU
		{98FE506F-75B5-489C-9E0F-CFD0083C2136}.Debug|Any CPU.ActiveCfg = Debug|Any CPU
		{98FE506F-75B5-489C-9E0F-CFD0083C2136}.Debug|Any CPU.Build.0 = Debug|Any CPU
		{98FE506F-75B5-489C-9E0F-CFD0083C2136}.Release|Any CPU.ActiveCfg = Release|Any CPU
		{98FE506F-75B5-489C-9E0F-CFD0083C2136}.Release|Any CPU.Build.0 = Release|Any CPU
		{68D1776A-FDDC-4044-AA1D-7A9AE9692601}.Debug|Any CPU.ActiveCfg = Debug|Any CPU
		{68D1776A-FDDC-4044-AA1D-7A9AE9692601}.Debug|Any CPU.Build.0 = Debug|Any CPU
		{68D1776A-FDDC-4044-AA1D-7A9AE9692601}.Release|Any CPU.ActiveCfg = Release|Any CPU
		{68D1776A-FDDC-4044-AA1D-7A9AE9692601}.Release|Any CPU.Build.0 = Release|Any CPU
	EndGlobalSection
	GlobalSection(SolutionProperties) = preSolution
		HideSolutionNode = FALSE
	EndGlobalSection
	GlobalSection(ExtensibilityGlobals) = postSolution
		SolutionGuid = {233BBC05-8F03-4B27-B69E-EA04C0F99576}
	EndGlobalSection
EndGlobal
