
Microsoft Visual Studio Solution File, Format Version 12.00
# Visual Studio Version 16
VisualStudioVersion = 16.0.29411.108
MinimumVisualStudioVersion = 10.0.40219.1
Project("{FAE04EC0-301F-11D3-BF4B-00C04F79EFBC}") = "Task1", "Task1\Task1.csproj", "{86377E47-A6F9-43DC-9047-8A7B66FA69F3}"
EndProject
Project("{FAE04EC0-301F-11D3-BF4B-00C04F79EFBC}") = "Task2", "Task2\Task2.csproj", "{8B41253A-3315-4DFF-BAD5-C58C0454E096}"
EndProject
Project("{FAE04EC0-301F-11D3-BF4B-00C04F79EFBC}") = "Task3", "Task3\Task3.csproj", "{CE82A669-B764-496F-A1C0-08C69C94091F}"
EndProject
Global
	GlobalSection(SolutionConfigurationPlatforms) = preSolution
		Debug|Any CPU = Debug|Any CPU
		Release|Any CPU = Release|Any CPU
	EndGlobalSection
	GlobalSection(ProjectConfigurationPlatforms) = postSolution
		{86377E47-A6F9-43DC-9047-8A7B66FA69F3}.Debug|Any CPU.ActiveCfg = Debug|Any CPU
		{86377E47-A6F9-43DC-9047-8A7B66FA69F3}.Debug|Any CPU.Build.0 = Debug|Any CPU
		{86377E47-A6F9-43DC-9047-8A7B66FA69F3}.Release|Any CPU.ActiveCfg = Release|Any CPU
		{86377E47-A6F9-43DC-9047-8A7B66FA69F3}.Release|Any CPU.Build.0 = Release|Any CPU
		{8B41253A-3315-4DFF-BAD5-C58C0454E096}.Debug|Any CPU.ActiveCfg = Debug|Any CPU
		{8B41253A-3315-4DFF-BAD5-C58C0454E096}.Debug|Any CPU.Build.0 = Debug|Any CPU
		{8B41253A-3315-4DFF-BAD5-C58C0454E096}.Release|Any CPU.ActiveCfg = Release|Any CPU
		{8B41253A-3315-4DFF-BAD5-C58C0454E096}.Release|Any CPU.Build.0 = Release|Any CPU
		{CE82A669-B764-496F-A1C0-08C69C94091F}.Debug|Any CPU.ActiveCfg = Debug|Any CPU
		{CE82A669-B764-496F-A1C0-08C69C94091F}.Debug|Any CPU.Build.0 = Debug|Any CPU
		{CE82A669-B764-496F-A1C0-08C69C94091F}.Release|Any CPU.ActiveCfg = Release|Any CPU
		{CE82A669-B764-496F-A1C0-08C69C94091F}.Release|Any CPU.Build.0 = Release|Any CPU
	EndGlobalSection
	GlobalSection(SolutionProperties) = preSolution
		HideSolutionNode = FALSE
	EndGlobalSection
	GlobalSection(ExtensibilityGlobals) = postSolution
		SolutionGuid = {8F41B7A8-5939-43F6-85C2-785C30FFE44F}
	EndGlobalSection
EndGlobal
