
Microsoft Visual Studio Solution File, Format Version 12.00
# Visual Studio Version 16
VisualStudioVersion = 16.0.29709.97
MinimumVisualStudioVersion = 10.0.40219.1
Project("{FAE04EC0-301F-11D3-BF4B-00C04F79EFBC}") = "P01. Workshop", "P01. Workshop\P01. Workshop.csproj", "{25E1020C-B4FA-4A00-B068-457ECCC8C3BC}"
EndProject
Global
	GlobalSection(SolutionConfigurationPlatforms) = preSolution
		Debug|Any CPU = Debug|Any CPU
		Release|Any CPU = Release|Any CPU
	EndGlobalSection
	GlobalSection(ProjectConfigurationPlatforms) = postSolution
		{25E1020C-B4FA-4A00-B068-457ECCC8C3BC}.Debug|Any CPU.ActiveCfg = Debug|Any CPU
		{25E1020C-B4FA-4A00-B068-457ECCC8C3BC}.Debug|Any CPU.Build.0 = Debug|Any CPU
		{25E1020C-B4FA-4A00-B068-457ECCC8C3BC}.Release|Any CPU.ActiveCfg = Release|Any CPU
		{25E1020C-B4FA-4A00-B068-457ECCC8C3BC}.Release|Any CPU.Build.0 = Release|Any CPU
	EndGlobalSection
	GlobalSection(SolutionProperties) = preSolution
		HideSolutionNode = FALSE
	EndGlobalSection
	GlobalSection(ExtensibilityGlobals) = postSolution
		SolutionGuid = {5CEF4F87-085A-4DAA-B72C-1CCDE919D85C}
	EndGlobalSection
EndGlobal
