
Microsoft Visual Studio Solution File, Format Version 12.00
# Visual Studio Version 16
VisualStudioVersion = 16.0.29709.97
MinimumVisualStudioVersion = 10.0.40219.1
Project("{FAE04EC0-301F-11D3-BF4B-00C04F79EFBC}") = "P01. Dating App", "P01. ExerciseOne\P01. Dating App.csproj", "{AECBCDD4-B904-4342-807D-ED07D57B1310}"
EndProject
Project("{FAE04EC0-301F-11D3-BF4B-00C04F79EFBC}") = "P02. BookWorm", "P.02 BookWorm\P02. BookWorm.csproj", "{F7EE0D09-836A-48E2-8056-65A5A2D4A0D7}"
EndProject
Project("{FAE04EC0-301F-11D3-BF4B-00C04F79EFBC}") = "Rabbits", "Rabbits\Rabbits.csproj", "{98F3A7A4-E427-4786-BC3E-809D8C5F0100}"
EndProject
Global
	GlobalSection(SolutionConfigurationPlatforms) = preSolution
		Debug|Any CPU = Debug|Any CPU
		Release|Any CPU = Release|Any CPU
	EndGlobalSection
	GlobalSection(ProjectConfigurationPlatforms) = postSolution
		{AECBCDD4-B904-4342-807D-ED07D57B1310}.Debug|Any CPU.ActiveCfg = Debug|Any CPU
		{AECBCDD4-B904-4342-807D-ED07D57B1310}.Debug|Any CPU.Build.0 = Debug|Any CPU
		{AECBCDD4-B904-4342-807D-ED07D57B1310}.Release|Any CPU.ActiveCfg = Release|Any CPU
		{AECBCDD4-B904-4342-807D-ED07D57B1310}.Release|Any CPU.Build.0 = Release|Any CPU
		{F7EE0D09-836A-48E2-8056-65A5A2D4A0D7}.Debug|Any CPU.ActiveCfg = Debug|Any CPU
		{F7EE0D09-836A-48E2-8056-65A5A2D4A0D7}.Debug|Any CPU.Build.0 = Debug|Any CPU
		{F7EE0D09-836A-48E2-8056-65A5A2D4A0D7}.Release|Any CPU.ActiveCfg = Release|Any CPU
		{F7EE0D09-836A-48E2-8056-65A5A2D4A0D7}.Release|Any CPU.Build.0 = Release|Any CPU
		{98F3A7A4-E427-4786-BC3E-809D8C5F0100}.Debug|Any CPU.ActiveCfg = Debug|Any CPU
		{98F3A7A4-E427-4786-BC3E-809D8C5F0100}.Debug|Any CPU.Build.0 = Debug|Any CPU
		{98F3A7A4-E427-4786-BC3E-809D8C5F0100}.Release|Any CPU.ActiveCfg = Release|Any CPU
		{98F3A7A4-E427-4786-BC3E-809D8C5F0100}.Release|Any CPU.Build.0 = Release|Any CPU
	EndGlobalSection
	GlobalSection(SolutionProperties) = preSolution
		HideSolutionNode = FALSE
	EndGlobalSection
	GlobalSection(ExtensibilityGlobals) = postSolution
		SolutionGuid = {68A05ACA-EC2C-4387-B048-7D5451D566B6}
	EndGlobalSection
EndGlobal
