
Microsoft Visual Studio Solution File, Format Version 12.00
# Visual Studio Version 16
VisualStudioVersion = 16.0.30225.117
MinimumVisualStudioVersion = 10.0.40219.1
Project("{FAE04EC0-301F-11D3-BF4B-00C04F79EFBC}") = "P01_HospitalDatabase", "P01_HospitalDatabase\P01_HospitalDatabase.csproj", "{48CEB131-73B1-4BAC-812B-FC75380CE4D8}"
EndProject
Project("{FAE04EC0-301F-11D3-BF4B-00C04F79EFBC}") = "P03_SalesDatabase", "P03_SalesDatabase\P03_SalesDatabase.csproj", "{6A07B78D-CBC0-4C19-8484-571CDE5D7E0F}"
EndProject
Global
	GlobalSection(SolutionConfigurationPlatforms) = preSolution
		Debug|Any CPU = Debug|Any CPU
		Release|Any CPU = Release|Any CPU
	EndGlobalSection
	GlobalSection(ProjectConfigurationPlatforms) = postSolution
		{48CEB131-73B1-4BAC-812B-FC75380CE4D8}.Debug|Any CPU.ActiveCfg = Debug|Any CPU
		{48CEB131-73B1-4BAC-812B-FC75380CE4D8}.Debug|Any CPU.Build.0 = Debug|Any CPU
		{48CEB131-73B1-4BAC-812B-FC75380CE4D8}.Release|Any CPU.ActiveCfg = Release|Any CPU
		{48CEB131-73B1-4BAC-812B-FC75380CE4D8}.Release|Any CPU.Build.0 = Release|Any CPU
		{6A07B78D-CBC0-4C19-8484-571CDE5D7E0F}.Debug|Any CPU.ActiveCfg = Debug|Any CPU
		{6A07B78D-CBC0-4C19-8484-571CDE5D7E0F}.Debug|Any CPU.Build.0 = Debug|Any CPU
		{6A07B78D-CBC0-4C19-8484-571CDE5D7E0F}.Release|Any CPU.ActiveCfg = Release|Any CPU
		{6A07B78D-CBC0-4C19-8484-571CDE5D7E0F}.Release|Any CPU.Build.0 = Release|Any CPU
	EndGlobalSection
	GlobalSection(SolutionProperties) = preSolution
		HideSolutionNode = FALSE
	EndGlobalSection
	GlobalSection(ExtensibilityGlobals) = postSolution
		SolutionGuid = {F6B4C364-8154-45C5-9397-DDE310956DF7}
	EndGlobalSection
EndGlobal
