
Microsoft Visual Studio Solution File, Format Version 12.00
# Visual Studio Version 16
VisualStudioVersion = 16.0.29709.97
MinimumVisualStudioVersion = 10.0.40219.1
Project("{FAE04EC0-301F-11D3-BF4B-00C04F79EFBC}") = "P1. Spaceship Crafting", "P1. Spaceship Crafting\P1. Spaceship Crafting.csproj", "{794FE922-FF92-4D40-BB05-C86AAEEF254F}"
EndProject
Project("{FAE04EC0-301F-11D3-BF4B-00C04F79EFBC}") = "P2. Space Station Establishment", "P2. Space Station Recruitment\P2. Space Station Establishment.csproj", "{86EB3594-DD92-4F72-B965-C7883664E507}"
EndProject
Global
	GlobalSection(SolutionConfigurationPlatforms) = preSolution
		Debug|Any CPU = Debug|Any CPU
		Release|Any CPU = Release|Any CPU
	EndGlobalSection
	GlobalSection(ProjectConfigurationPlatforms) = postSolution
		{794FE922-FF92-4D40-BB05-C86AAEEF254F}.Debug|Any CPU.ActiveCfg = Debug|Any CPU
		{794FE922-FF92-4D40-BB05-C86AAEEF254F}.Debug|Any CPU.Build.0 = Debug|Any CPU
		{794FE922-FF92-4D40-BB05-C86AAEEF254F}.Release|Any CPU.ActiveCfg = Release|Any CPU
		{794FE922-FF92-4D40-BB05-C86AAEEF254F}.Release|Any CPU.Build.0 = Release|Any CPU
		{86EB3594-DD92-4F72-B965-C7883664E507}.Debug|Any CPU.ActiveCfg = Debug|Any CPU
		{86EB3594-DD92-4F72-B965-C7883664E507}.Debug|Any CPU.Build.0 = Debug|Any CPU
		{86EB3594-DD92-4F72-B965-C7883664E507}.Release|Any CPU.ActiveCfg = Release|Any CPU
		{86EB3594-DD92-4F72-B965-C7883664E507}.Release|Any CPU.Build.0 = Release|Any CPU
	EndGlobalSection
	GlobalSection(SolutionProperties) = preSolution
		HideSolutionNode = FALSE
	EndGlobalSection
	GlobalSection(ExtensibilityGlobals) = postSolution
		SolutionGuid = {DBC4C6C5-79E6-413A-B9A8-26114AB9FE7E}
	EndGlobalSection
EndGlobal
