
Microsoft Visual Studio Solution File, Format Version 12.00
# Visual Studio Version 16
VisualStudioVersion = 16.0.29709.97
MinimumVisualStudioVersion = 10.0.40219.1
Project("{FAE04EC0-301F-11D3-BF4B-00C04F79EFBC}") = "P01_Shapes", "P01_Shapes\P01_Shapes.csproj", "{9E387578-2879-4378-AC8C-992A2BA842B4}"
EndProject
Project("{FAE04EC0-301F-11D3-BF4B-00C04F79EFBC}") = "P02_Cars", "P02_Cars\P02_Cars.csproj", "{3949D9E5-D0AA-44D2-813E-A6E3A5635195}"
EndProject
Global
	GlobalSection(SolutionConfigurationPlatforms) = preSolution
		Debug|Any CPU = Debug|Any CPU
		Release|Any CPU = Release|Any CPU
	EndGlobalSection
	GlobalSection(ProjectConfigurationPlatforms) = postSolution
		{9E387578-2879-4378-AC8C-992A2BA842B4}.Debug|Any CPU.ActiveCfg = Debug|Any CPU
		{9E387578-2879-4378-AC8C-992A2BA842B4}.Debug|Any CPU.Build.0 = Debug|Any CPU
		{9E387578-2879-4378-AC8C-992A2BA842B4}.Release|Any CPU.ActiveCfg = Release|Any CPU
		{9E387578-2879-4378-AC8C-992A2BA842B4}.Release|Any CPU.Build.0 = Release|Any CPU
		{3949D9E5-D0AA-44D2-813E-A6E3A5635195}.Debug|Any CPU.ActiveCfg = Debug|Any CPU
		{3949D9E5-D0AA-44D2-813E-A6E3A5635195}.Debug|Any CPU.Build.0 = Debug|Any CPU
		{3949D9E5-D0AA-44D2-813E-A6E3A5635195}.Release|Any CPU.ActiveCfg = Release|Any CPU
		{3949D9E5-D0AA-44D2-813E-A6E3A5635195}.Release|Any CPU.Build.0 = Release|Any CPU
	EndGlobalSection
	GlobalSection(SolutionProperties) = preSolution
		HideSolutionNode = FALSE
	EndGlobalSection
	GlobalSection(ExtensibilityGlobals) = postSolution
		SolutionGuid = {F9AD7116-E7B1-4724-9C3E-21F6F5FA07A2}
	EndGlobalSection
EndGlobal
