
Microsoft Visual Studio Solution File, Format Version 12.00
# Visual Studio Version 16
VisualStudioVersion = 16.0.29709.97
MinimumVisualStudioVersion = 10.0.40219.1
Project("{FAE04EC0-301F-11D3-BF4B-00C04F79EFBC}") = "P01. ListyIterator", "P01. ListyIterator\P01. ListyIterator.csproj", "{67602709-8491-4B66-ADA0-4299A2E7FA36}"
EndProject
Project("{FAE04EC0-301F-11D3-BF4B-00C04F79EFBC}") = "P02. Collection", "P02. Collection\P02. Collection.csproj", "{EBAEBDCF-EF35-4FB7-B209-8132C48EA764}"
EndProject
Project("{FAE04EC0-301F-11D3-BF4B-00C04F79EFBC}") = "P03. Stack", "P03. Stack\P03. Stack.csproj", "{ECF57D3C-558E-46EF-868A-45E6D8A3E25A}"
EndProject
Project("{FAE04EC0-301F-11D3-BF4B-00C04F79EFBC}") = "P04. Froggy", "P04. Froggy\P04. Froggy.csproj", "{16548559-EE63-4B12-851E-A937F73D7FAB}"
EndProject
Project("{FAE04EC0-301F-11D3-BF4B-00C04F79EFBC}") = "P05. Comparing Objects", "P05. Comparing Objects\P05. Comparing Objects.csproj", "{7FBDF9A2-BB5D-4981-8E8C-E2D8DDF90138}"
EndProject
Global
	GlobalSection(SolutionConfigurationPlatforms) = preSolution
		Debug|Any CPU = Debug|Any CPU
		Release|Any CPU = Release|Any CPU
	EndGlobalSection
	GlobalSection(ProjectConfigurationPlatforms) = postSolution
		{67602709-8491-4B66-ADA0-4299A2E7FA36}.Debug|Any CPU.ActiveCfg = Debug|Any CPU
		{67602709-8491-4B66-ADA0-4299A2E7FA36}.Debug|Any CPU.Build.0 = Debug|Any CPU
		{67602709-8491-4B66-ADA0-4299A2E7FA36}.Release|Any CPU.ActiveCfg = Release|Any CPU
		{67602709-8491-4B66-ADA0-4299A2E7FA36}.Release|Any CPU.Build.0 = Release|Any CPU
		{EBAEBDCF-EF35-4FB7-B209-8132C48EA764}.Debug|Any CPU.ActiveCfg = Debug|Any CPU
		{EBAEBDCF-EF35-4FB7-B209-8132C48EA764}.Debug|Any CPU.Build.0 = Debug|Any CPU
		{EBAEBDCF-EF35-4FB7-B209-8132C48EA764}.Release|Any CPU.ActiveCfg = Release|Any CPU
		{EBAEBDCF-EF35-4FB7-B209-8132C48EA764}.Release|Any CPU.Build.0 = Release|Any CPU
		{ECF57D3C-558E-46EF-868A-45E6D8A3E25A}.Debug|Any CPU.ActiveCfg = Debug|Any CPU
		{ECF57D3C-558E-46EF-868A-45E6D8A3E25A}.Debug|Any CPU.Build.0 = Debug|Any CPU
		{ECF57D3C-558E-46EF-868A-45E6D8A3E25A}.Release|Any CPU.ActiveCfg = Release|Any CPU
		{ECF57D3C-558E-46EF-868A-45E6D8A3E25A}.Release|Any CPU.Build.0 = Release|Any CPU
		{16548559-EE63-4B12-851E-A937F73D7FAB}.Debug|Any CPU.ActiveCfg = Debug|Any CPU
		{16548559-EE63-4B12-851E-A937F73D7FAB}.Debug|Any CPU.Build.0 = Debug|Any CPU
		{16548559-EE63-4B12-851E-A937F73D7FAB}.Release|Any CPU.ActiveCfg = Release|Any CPU
		{16548559-EE63-4B12-851E-A937F73D7FAB}.Release|Any CPU.Build.0 = Release|Any CPU
		{7FBDF9A2-BB5D-4981-8E8C-E2D8DDF90138}.Debug|Any CPU.ActiveCfg = Debug|Any CPU
		{7FBDF9A2-BB5D-4981-8E8C-E2D8DDF90138}.Debug|Any CPU.Build.0 = Debug|Any CPU
		{7FBDF9A2-BB5D-4981-8E8C-E2D8DDF90138}.Release|Any CPU.ActiveCfg = Release|Any CPU
		{7FBDF9A2-BB5D-4981-8E8C-E2D8DDF90138}.Release|Any CPU.Build.0 = Release|Any CPU
	EndGlobalSection
	GlobalSection(SolutionProperties) = preSolution
		HideSolutionNode = FALSE
	EndGlobalSection
	GlobalSection(ExtensibilityGlobals) = postSolution
		SolutionGuid = {ECBDFC9D-C812-4A60-8A56-1E954C12EC79}
	EndGlobalSection
EndGlobal
