
Microsoft Visual Studio Solution File, Format Version 12.00
# Visual Studio Version 16
VisualStudioVersion = 16.0.30225.117
MinimumVisualStudioVersion = 10.0.40219.1
Project("{FAE04EC0-301F-11D3-BF4B-00C04F79EFBC}") = "HttpClientDemo", "HttpClientDemo\HttpClientDemo.csproj", "{279FF658-1591-48E3-933E-8EE49941AA79}"
EndProject
Global
	GlobalSection(SolutionConfigurationPlatforms) = preSolution
		Debug|Any CPU = Debug|Any CPU
		Release|Any CPU = Release|Any CPU
	EndGlobalSection
	GlobalSection(ProjectConfigurationPlatforms) = postSolution
		{279FF658-1591-48E3-933E-8EE49941AA79}.Debug|Any CPU.ActiveCfg = Debug|Any CPU
		{279FF658-1591-48E3-933E-8EE49941AA79}.Debug|Any CPU.Build.0 = Debug|Any CPU
		{279FF658-1591-48E3-933E-8EE49941AA79}.Release|Any CPU.ActiveCfg = Release|Any CPU
		{279FF658-1591-48E3-933E-8EE49941AA79}.Release|Any CPU.Build.0 = Release|Any CPU
	EndGlobalSection
	GlobalSection(SolutionProperties) = preSolution
		HideSolutionNode = FALSE
	EndGlobalSection
	GlobalSection(ExtensibilityGlobals) = postSolution
		SolutionGuid = {E05D0346-DBA5-4A93-9598-7A58936C0E2B}
	EndGlobalSection
EndGlobal
