
Microsoft Visual Studio Solution File, Format Version 12.00
# Visual Studio Version 16
VisualStudioVersion = 16.0.30225.117
MinimumVisualStudioVersion = 10.0.40219.1
Project("{FAE04EC0-301F-11D3-BF4B-00C04F79EFBC}") = "LinqDemo", "LinqDemo\LinqDemo.csproj", "{157AB1AC-B62D-4128-B995-AB1855C138D3}"
EndProject
Global
	GlobalSection(SolutionConfigurationPlatforms) = preSolution
		Debug|Any CPU = Debug|Any CPU
		Release|Any CPU = Release|Any CPU
	EndGlobalSection
	GlobalSection(ProjectConfigurationPlatforms) = postSolution
		{157AB1AC-B62D-4128-B995-AB1855C138D3}.Debug|Any CPU.ActiveCfg = Debug|Any CPU
		{157AB1AC-B62D-4128-B995-AB1855C138D3}.Debug|Any CPU.Build.0 = Debug|Any CPU
		{157AB1AC-B62D-4128-B995-AB1855C138D3}.Release|Any CPU.ActiveCfg = Release|Any CPU
		{157AB1AC-B62D-4128-B995-AB1855C138D3}.Release|Any CPU.Build.0 = Release|Any CPU
	EndGlobalSection
	GlobalSection(SolutionProperties) = preSolution
		HideSolutionNode = FALSE
	EndGlobalSection
	GlobalSection(ExtensibilityGlobals) = postSolution
		SolutionGuid = {C2C699C0-AFF0-434E-A296-777068C2810E}
	EndGlobalSection
EndGlobal
