
Microsoft Visual Studio Solution File, Format Version 12.00
# Visual Studio Version 16
VisualStudioVersion = 16.0.30225.117
MinimumVisualStudioVersion = 10.0.40219.1
Project("{FAE04EC0-301F-11D3-BF4B-00C04F79EFBC}") = "LiveDemo", "LiveDemo\LiveDemo.csproj", "{1E55891B-BD28-481B-969F-77F2728EC45B}"
EndProject
Global
	GlobalSection(SolutionConfigurationPlatforms) = preSolution
		Debug|Any CPU = Debug|Any CPU
		Release|Any CPU = Release|Any CPU
	EndGlobalSection
	GlobalSection(ProjectConfigurationPlatforms) = postSolution
		{1E55891B-BD28-481B-969F-77F2728EC45B}.Debug|Any CPU.ActiveCfg = Debug|Any CPU
		{1E55891B-BD28-481B-969F-77F2728EC45B}.Debug|Any CPU.Build.0 = Debug|Any CPU
		{1E55891B-BD28-481B-969F-77F2728EC45B}.Release|Any CPU.ActiveCfg = Release|Any CPU
		{1E55891B-BD28-481B-969F-77F2728EC45B}.Release|Any CPU.Build.0 = Release|Any CPU
	EndGlobalSection
	GlobalSection(SolutionProperties) = preSolution
		HideSolutionNode = FALSE
	EndGlobalSection
	GlobalSection(ExtensibilityGlobals) = postSolution
		SolutionGuid = {8E2DD3D9-E3EF-4EE8-963C-4D21A0CF0358}
	EndGlobalSection
EndGlobal
